
Microsoft Visual Studio Solution File, Format Version 12.00
# Visual Studio 15
VisualStudioVersion = 15.0.27130.2010
MinimumVisualStudioVersion = 10.0.40219.1
Project("{FAE04EC0-301F-11D3-BF4B-00C04F79EFBC}") = "EFDemonstration", "EFDemonstration\EFDemonstration.csproj", "{55E33F28-8133-4E25-8F14-581215EFC209}"
EndProject
Global
	GlobalSection(SolutionConfigurationPlatforms) = preSolution
		Debug|Any CPU = Debug|Any CPU
		Release|Any CPU = Release|Any CPU
	EndGlobalSection
	GlobalSection(ProjectConfigurationPlatforms) = postSolution
		{55E33F28-8133-4E25-8F14-581215EFC209}.Debug|Any CPU.ActiveCfg = Debug|Any CPU
		{55E33F28-8133-4E25-8F14-581215EFC209}.Debug|Any CPU.Build.0 = Debug|Any CPU
		{55E33F28-8133-4E25-8F14-581215EFC209}.Release|Any CPU.ActiveCfg = Release|Any CPU
		{55E33F28-8133-4E25-8F14-581215EFC209}.Release|Any CPU.Build.0 = Release|Any CPU
	EndGlobalSection
	GlobalSection(SolutionProperties) = preSolution
		HideSolutionNode = FALSE
	EndGlobalSection
	GlobalSection(ExtensibilityGlobals) = postSolution
		SolutionGuid = {D9DACDC8-8A25-4F55-8A93-9C246AC43118}
	EndGlobalSection
EndGlobal
